// !$*UTF8*$!
{
	archiveVersion = 1;
	classes = {
	};
	objectVersion = 50;
	objects = {

/* Begin PBXBuildFile section */
		F02700F5260E5BC200AB6A68 /* AppDelegate.swift in Sources */ = {isa = PBXBuildFile; fileRef = F02700F4260E5BC200AB6A68 /* AppDelegate.swift */; };
		F02700F7260E5BC200AB6A68 /* SceneDelegate.swift in Sources */ = {isa = PBXBuildFile; fileRef = F02700F6260E5BC200AB6A68 /* SceneDelegate.swift */; };
		F02700F9260E5BC200AB6A68 /* ViewController.swift in Sources */ = {isa = PBXBuildFile; fileRef = F02700F8260E5BC200AB6A68 /* ViewController.swift */; };
		F02700FC260E5BC200AB6A68 /* Main.storyboard in Resources */ = {isa = PBXBuildFile; fileRef = F02700FA260E5BC200AB6A68 /* Main.storyboard */; };
		F02700FE260E5BC300AB6A68 /* Assets.xcassets in Resources */ = {isa = PBXBuildFile; fileRef = F02700FD260E5BC300AB6A68 /* Assets.xcassets */; };
		F0270101260E5BC300AB6A68 /* LaunchScreen.storyboard in Resources */ = {isa = PBXBuildFile; fileRef = F02700FF260E5BC300AB6A68 /* LaunchScreen.storyboard */; };
		F027010C260E5BC400AB6A68 /* MyTestAppTests.swift in Sources */ = {isa = PBXBuildFile; fileRef = F027010B260E5BC400AB6A68 /* MyTestAppTests.swift */; };
		F0270117260E5BC400AB6A68 /* MyTestAppUITests.swift in Sources */ = {isa = PBXBuildFile; fileRef = F0270116260E5BC400AB6A68 /* MyTestAppUITests.swift */; };
/* End PBXBuildFile section */

/* Begin PBXContainerItemProxy section */
		F0270108260E5BC400AB6A68 /* PBXContainerItemProxy */ = {
			isa = PBXContainerItemProxy;
			containerPortal = F02700E9260E5BC200AB6A68 /* Project object */;
			proxyType = 1;
			remoteGlobalIDString = F02700F0260E5BC200AB6A68;
			remoteInfo = MyTestApp;
		};
		F0270113260E5BC400AB6A68 /* PBXContainerItemProxy */ = {
			isa = PBXContainerItemProxy;
			containerPortal = F02700E9260E5BC200AB6A68 /* Project object */;
			proxyType = 1;
			remoteGlobalIDString = F02700F0260E5BC200AB6A68;
			remoteInfo = MyTestApp;
		};
/* End PBXContainerItemProxy section */

/* Begin PBXFileReference section */
		F02700F1260E5BC200AB6A68 /* MyTestApp.app */ = {isa = PBXFileReference; explicitFileType = wrapper.application; includeInIndex = 0; path = MyTestApp.app; sourceTree = BUILT_PRODUCTS_DIR; };
		F02700F4260E5BC200AB6A68 /* AppDelegate.swift */ = {isa = PBXFileReference; lastKnownFileType = sourcecode.swift; path = AppDelegate.swift; sourceTree = "<group>"; };
		F02700F6260E5BC200AB6A68 /* SceneDelegate.swift */ = {isa = PBXFileReference; lastKnownFileType = sourcecode.swift; path = SceneDelegate.swift; sourceTree = "<group>"; };
		F02700F8260E5BC200AB6A68 /* ViewController.swift */ = {isa = PBXFileReference; lastKnownFileType = sourcecode.swift; path = ViewController.swift; sourceTree = "<group>"; };
		F02700FB260E5BC200AB6A68 /* Base */ = {isa = PBXFileReference; lastKnownFileType = file.storyboard; name = Base; path = Base.lproj/Main.storyboard; sourceTree = "<group>"; };
		F02700FD260E5BC300AB6A68 /* Assets.xcassets */ = {isa = PBXFileReference; lastKnownFileType = folder.assetcatalog; path = Assets.xcassets; sourceTree = "<group>"; };
		F0270100260E5BC300AB6A68 /* Base */ = {isa = PBXFileReference; lastKnownFileType = file.storyboard; name = Base; path = Base.lproj/LaunchScreen.storyboard; sourceTree = "<group>"; };
		F0270102260E5BC300AB6A68 /* Info.plist */ = {isa = PBXFileReference; lastKnownFileType = text.plist.xml; path = Info.plist; sourceTree = "<group>"; };
		F0270107260E5BC400AB6A68 /* MyTestAppTests.xctest */ = {isa = PBXFileReference; explicitFileType = wrapper.cfbundle; includeInIndex = 0; path = MyTestAppTests.xctest; sourceTree = BUILT_PRODUCTS_DIR; };
		F027010B260E5BC400AB6A68 /* MyTestAppTests.swift */ = {isa = PBXFileReference; lastKnownFileType = sourcecode.swift; path = MyTestAppTests.swift; sourceTree = "<group>"; };
		F027010D260E5BC400AB6A68 /* Info.plist */ = {isa = PBXFileReference; lastKnownFileType = text.plist.xml; path = Info.plist; sourceTree = "<group>"; };
		F0270112260E5BC400AB6A68 /* MyTestAppUITests.xctest */ = {isa = PBXFileReference; explicitFileType = wrapper.cfbundle; includeInIndex = 0; path = MyTestAppUITests.xctest; sourceTree = BUILT_PRODUCTS_DIR; };
		F0270116260E5BC400AB6A68 /* MyTestAppUITests.swift */ = {isa = PBXFileReference; lastKnownFileType = sourcecode.swift; path = MyTestAppUITests.swift; sourceTree = "<group>"; };
		F0270118260E5BC400AB6A68 /* Info.plist */ = {isa = PBXFileReference; lastKnownFileType = text.plist.xml; path = Info.plist; sourceTree = "<group>"; };
/* End PBXFileReference section */

/* Begin PBXFrameworksBuildPhase section */
		F02700EE260E5BC200AB6A68 /* Frameworks */ = {
			isa = PBXFrameworksBuildPhase;
			buildActionMask = 2147483647;
			files = (
			);
			runOnlyForDeploymentPostprocessing = 0;
		};
		F0270104260E5BC400AB6A68 /* Frameworks */ = {
			isa = PBXFrameworksBuildPhase;
			buildActionMask = 2147483647;
			files = (
			);
			runOnlyForDeploymentPostprocessing = 0;
		};
		F027010F260E5BC400AB6A68 /* Frameworks */ = {
			isa = PBXFrameworksBuildPhase;
			buildActionMask = 2147483647;
			files = (
			);
			runOnlyForDeploymentPostprocessing = 0;
		};
/* End PBXFrameworksBuildPhase section */

/* Begin PBXGroup section */
		F02700E8260E5BC200AB6A68 = {
			isa = PBXGroup;
			children = (
				F02700F3260E5BC200AB6A68 /* MyTestApp */,
				F027010A260E5BC400AB6A68 /* MyTestAppTests */,
				F0270115260E5BC400AB6A68 /* MyTestAppUITests */,
				F02700F2260E5BC200AB6A68 /* Products */,
			);
			sourceTree = "<group>";
		};
		F02700F2260E5BC200AB6A68 /* Products */ = {
			isa = PBXGroup;
			children = (
				F02700F1260E5BC200AB6A68 /* MyTestApp.app */,
				F0270107260E5BC400AB6A68 /* MyTestAppTests.xctest */,
				F0270112260E5BC400AB6A68 /* MyTestAppUITests.xctest */,
			);
			name = Products;
			sourceTree = "<group>";
		};
		F02700F3260E5BC200AB6A68 /* MyTestApp */ = {
			isa = PBXGroup;
			children = (
				F02700F4260E5BC200AB6A68 /* AppDelegate.swift */,
				F02700F6260E5BC200AB6A68 /* SceneDelegate.swift */,
				F02700F8260E5BC200AB6A68 /* ViewController.swift */,
				F02700FA260E5BC200AB6A68 /* Main.storyboard */,
				F02700FD260E5BC300AB6A68 /* Assets.xcassets */,
				F02700FF260E5BC300AB6A68 /* LaunchScreen.storyboard */,
				F0270102260E5BC300AB6A68 /* Info.plist */,
			);
			path = MyTestApp;
			sourceTree = "<group>";
		};
		F027010A260E5BC400AB6A68 /* MyTestAppTests */ = {
			isa = PBXGroup;
			children = (
				F027010B260E5BC400AB6A68 /* MyTestAppTests.swift */,
				F027010D260E5BC400AB6A68 /* Info.plist */,
			);
			path = MyTestAppTests;
			sourceTree = "<group>";
		};
		F0270115260E5BC400AB6A68 /* MyTestAppUITests */ = {
			isa = PBXGroup;
			children = (
				F0270116260E5BC400AB6A68 /* MyTestAppUITests.swift */,
				F0270118260E5BC400AB6A68 /* Info.plist */,
			);
			path = MyTestAppUITests;
			sourceTree = "<group>";
		};
/* End PBXGroup section */

/* Begin PBXNativeTarget section */
		F02700F0260E5BC200AB6A68 /* MyTestApp */ = {
			isa = PBXNativeTarget;
			buildConfigurationList = F027011B260E5BC400AB6A68 /* Build configuration list for PBXNativeTarget "MyTestApp" */;
			buildPhases = (
				F02700ED260E5BC200AB6A68 /* Sources */,
				F02700EE260E5BC200AB6A68 /* Frameworks */,
				F02700EF260E5BC200AB6A68 /* Resources */,
			);
			buildRules = (
			);
			dependencies = (
			);
			name = MyTestApp;
			productName = MyTestApp;
			productReference = F02700F1260E5BC200AB6A68 /* MyTestApp.app */;
			productType = "com.apple.product-type.application";
		};
		F0270106260E5BC400AB6A68 /* MyTestAppTests */ = {
			isa = PBXNativeTarget;
			buildConfigurationList = F027011E260E5BC400AB6A68 /* Build configuration list for PBXNativeTarget "MyTestAppTests" */;
			buildPhases = (
				F0270103260E5BC400AB6A68 /* Sources */,
				F0270104260E5BC400AB6A68 /* Frameworks */,
				F0270105260E5BC400AB6A68 /* Resources */,
			);
			buildRules = (
			);
			dependencies = (
				F0270109260E5BC400AB6A68 /* PBXTargetDependency */,
			);
			name = MyTestAppTests;
			productName = MyTestAppTests;
			productReference = F0270107260E5BC400AB6A68 /* MyTestAppTests.xctest */;
			productType = "com.apple.product-type.bundle.unit-test";
		};
		F0270111260E5BC400AB6A68 /* MyTestAppUITests */ = {
			isa = PBXNativeTarget;
			buildConfigurationList = F0270121260E5BC400AB6A68 /* Build configuration list for PBXNativeTarget "MyTestAppUITests" */;
			buildPhases = (
				F027010E260E5BC400AB6A68 /* Sources */,
				F027010F260E5BC400AB6A68 /* Frameworks */,
				F0270110260E5BC400AB6A68 /* Resources */,
			);
			buildRules = (
			);
			dependencies = (
				F0270114260E5BC400AB6A68 /* PBXTargetDependency */,
			);
			name = MyTestAppUITests;
			productName = MyTestAppUITests;
			productReference = F0270112260E5BC400AB6A68 /* MyTestAppUITests.xctest */;
			productType = "com.apple.product-type.bundle.ui-testing";
		};
/* End PBXNativeTarget section */

/* Begin PBXProject section */
		F02700E9260E5BC200AB6A68 /* Project object */ = {
			isa = PBXProject;
			attributes = {
				LastSwiftUpdateCheck = 1240;
				LastUpgradeCheck = 1240;
				TargetAttributes = {
					F02700F0260E5BC200AB6A68 = {
						CreatedOnToolsVersion = 12.4;
					};
					F0270106260E5BC400AB6A68 = {
						CreatedOnToolsVersion = 12.4;
						TestTargetID = F02700F0260E5BC200AB6A68;
					};
					F0270111260E5BC400AB6A68 = {
						CreatedOnToolsVersion = 12.4;
						TestTargetID = F02700F0260E5BC200AB6A68;
					};
				};
			};
			buildConfigurationList = F02700EC260E5BC200AB6A68 /* Build configuration list for PBXProject "MyTestApp" */;
			compatibilityVersion = "Xcode 9.3";
			developmentRegion = en;
			hasScannedForEncodings = 0;
			knownRegions = (
				en,
				Base,
			);
			mainGroup = F02700E8260E5BC200AB6A68;
			productRefGroup = F02700F2260E5BC200AB6A68 /* Products */;
			projectDirPath = "";
			projectRoot = "";
			targets = (
				F02700F0260E5BC200AB6A68 /* MyTestApp */,
				F0270106260E5BC400AB6A68 /* MyTestAppTests */,
				F0270111260E5BC400AB6A68 /* MyTestAppUITests */,
			);
		};
/* End PBXProject section */

/* Begin PBXResourcesBuildPhase section */
		F02700EF260E5BC200AB6A68 /* Resources */ = {
			isa = PBXResourcesBuildPhase;
			buildActionMask = 2147483647;
			files = (
				F0270101260E5BC300AB6A68 /* LaunchScreen.storyboard in Resources */,
				F02700FE260E5BC300AB6A68 /* Assets.xcassets in Resources */,
				F02700FC260E5BC200AB6A68 /* Main.storyboard in Resources */,
			);
			runOnlyForDeploymentPostprocessing = 0;
		};
		F0270105260E5BC400AB6A68 /* Resources */ = {
			isa = PBXResourcesBuildPhase;
			buildActionMask = 2147483647;
			files = (
			);
			runOnlyForDeploymentPostprocessing = 0;
		};
		F0270110260E5BC400AB6A68 /* Resources */ = {
			isa = PBXResourcesBuildPhase;
			buildActionMask = 2147483647;
			files = (
			);
			runOnlyForDeploymentPostprocessing = 0;
		};
/* End PBXResourcesBuildPhase section */

/* Begin PBXSourcesBuildPhase section */
		F02700ED260E5BC200AB6A68 /* Sources */ = {
			isa = PBXSourcesBuildPhase;
			buildActionMask = 2147483647;
			files = (
				F02700F9260E5BC200AB6A68 /* ViewController.swift in Sources */,
				F02700F5260E5BC200AB6A68 /* AppDelegate.swift in Sources */,
				F02700F7260E5BC200AB6A68 /* SceneDelegate.swift in Sources */,
			);
			runOnlyForDeploymentPostprocessing = 0;
		};
		F0270103260E5BC400AB6A68 /* Sources */ = {
			isa = PBXSourcesBuildPhase;
			buildActionMask = 2147483647;
			files = (
				F027010C260E5BC400AB6A68 /* MyTestAppTests.swift in Sources */,
			);
			runOnlyForDeploymentPostprocessing = 0;
		};
		F027010E260E5BC400AB6A68 /* Sources */ = {
			isa = PBXSourcesBuildPhase;
			buildActionMask = 2147483647;
			files = (
				F0270117260E5BC400AB6A68 /* MyTestAppUITests.swift in Sources */,
			);
			runOnlyForDeploymentPostprocessing = 0;
		};
/* End PBXSourcesBuildPhase section */

/* Begin PBXTargetDependency section */
		F0270109260E5BC400AB6A68 /* PBXTargetDependency */ = {
			isa = PBXTargetDependency;
			target = F02700F0260E5BC200AB6A68 /* MyTestApp */;
			targetProxy = F0270108260E5BC400AB6A68 /* PBXContainerItemProxy */;
		};
		F0270114260E5BC400AB6A68 /* PBXTargetDependency */ = {
			isa = PBXTargetDependency;
			target = F02700F0260E5BC200AB6A68 /* MyTestApp */;
			targetProxy = F0270113260E5BC400AB6A68 /* PBXContainerItemProxy */;
		};
/* End PBXTargetDependency section */

/* Begin PBXVariantGroup section */
		F02700FA260E5BC200AB6A68 /* Main.storyboard */ = {
			isa = PBXVariantGroup;
			children = (
				F02700FB260E5BC200AB6A68 /* Base */,
			);
			name = Main.storyboard;
			sourceTree = "<group>";
		};
		F02700FF260E5BC300AB6A68 /* LaunchScreen.storyboard */ = {
			isa = PBXVariantGroup;
			children = (
				F0270100260E5BC300AB6A68 /* Base */,
			);
			name = LaunchScreen.storyboard;
			sourceTree = "<group>";
		};
/* End PBXVariantGroup section */

/* Begin XCBuildConfiguration section */
		F0270119260E5BC400AB6A68 /* Debug */ = {
			isa = XCBuildConfiguration;
			buildSettings = {
				ALWAYS_SEARCH_USER_PATHS = NO;
				CLANG_ANALYZER_NONNULL = YES;
				CLANG_ANALYZER_NUMBER_OBJECT_CONVERSION = YES_AGGRESSIVE;
				CLANG_CXX_LANGUAGE_STANDARD = "gnu++14";
				CLANG_CXX_LIBRARY = "libc++";
				CLANG_ENABLE_MODULES = YES;
				CLANG_ENABLE_OBJC_ARC = YES;
				CLANG_ENABLE_OBJC_WEAK = YES;
				CLANG_WARN_BLOCK_CAPTURE_AUTORELEASING = YES;
				CLANG_WARN_BOOL_CONVERSION = YES;
				CLANG_WARN_COMMA = YES;
				CLANG_WARN_CONSTANT_CONVERSION = YES;
				CLANG_WARN_DEPRECATED_OBJC_IMPLEMENTATIONS = YES;
				CLANG_WARN_DIRECT_OBJC_ISA_USAGE = YES_ERROR;
				CLANG_WARN_DOCUMENTATION_COMMENTS = YES;
				CLANG_WARN_EMPTY_BODY = YES;
				CLANG_WARN_ENUM_CONVERSION = YES;
				CLANG_WARN_INFINITE_RECURSION = YES;
				CLANG_WARN_INT_CONVERSION = YES;
				CLANG_WARN_NON_LITERAL_NULL_CONVERSION = YES;
				CLANG_WARN_OBJC_IMPLICIT_RETAIN_SELF = YES;
				CLANG_WARN_OBJC_LITERAL_CONVERSION = YES;
				CLANG_WARN_OBJC_ROOT_CLASS = YES_ERROR;
				CLANG_WARN_QUOTED_INCLUDE_IN_FRAMEWORK_HEADER = YES;
				CLANG_WARN_RANGE_LOOP_ANALYSIS = YES;
				CLANG_WARN_STRICT_PROTOTYPES = YES;
				CLANG_WARN_SUSPICIOUS_MOVE = YES;
				CLANG_WARN_UNGUARDED_AVAILABILITY = YES_AGGRESSIVE;
				CLANG_WARN_UNREACHABLE_CODE = YES;
				CLANG_WARN__DUPLICATE_METHOD_MATCH = YES;
				COPY_PHASE_STRIP = NO;
				DEBUG_INFORMATION_FORMAT = dwarf;
				ENABLE_STRICT_OBJC_MSGSEND = YES;
				ENABLE_TESTABILITY = YES;
				GCC_C_LANGUAGE_STANDARD = gnu11;
				GCC_DYNAMIC_NO_PIC = NO;
				GCC_NO_COMMON_BLOCKS = YES;
				GCC_OPTIMIZATION_LEVEL = 0;
				GCC_PREPROCESSOR_DEFINITIONS = (
					"DEBUG=1",
					"$(inherited)",
				);
				GCC_WARN_64_TO_32_BIT_CONVERSION = YES;
				GCC_WARN_ABOUT_RETURN_TYPE = YES_ERROR;
				GCC_WARN_UNDECLARED_SELECTOR = YES;
				GCC_WARN_UNINITIALIZED_AUTOS = YES_AGGRESSIVE;
				GCC_WARN_UNUSED_FUNCTION = YES;
				GCC_WARN_UNUSED_VARIABLE = YES;
				IPHONEOS_DEPLOYMENT_TARGET = 14.4;
				MTL_ENABLE_DEBUG_INFO = INCLUDE_SOURCE;
				MTL_FAST_MATH = YES;
				ONLY_ACTIVE_ARCH = YES;
				SDKROOT = iphoneos;
				SWIFT_ACTIVE_COMPILATION_CONDITIONS = DEBUG;
				SWIFT_OPTIMIZATION_LEVEL = "-Onone";
			};
			name = Debug;
		};
		F027011A260E5BC400AB6A68 /* Release */ = {
			isa = XCBuildConfiguration;
			buildSettings = {
				ALWAYS_SEARCH_USER_PATHS = NO;
				CLANG_ANALYZER_NONNULL = YES;
				CLANG_ANALYZER_NUMBER_OBJECT_CONVERSION = YES_AGGRESSIVE;
				CLANG_CXX_LANGUAGE_STANDARD = "gnu++14";
				CLANG_CXX_LIBRARY = "libc++";
				CLANG_ENABLE_MODULES = YES;
				CLANG_ENABLE_OBJC_ARC = YES;
				CLANG_ENABLE_OBJC_WEAK = YES;
				CLANG_WARN_BLOCK_CAPTURE_AUTORELEASING = YES;
				CLANG_WARN_BOOL_CONVERSION = YES;
				CLANG_WARN_COMMA = YES;
				CLANG_WARN_CONSTANT_CONVERSION = YES;
				CLANG_WARN_DEPRECATED_OBJC_IMPLEMENTATIONS = YES;
				CLANG_WARN_DIRECT_OBJC_ISA_USAGE = YES_ERROR;
				CLANG_WARN_DOCUMENTATION_COMMENTS = YES;
				CLANG_WARN_EMPTY_BODY = YES;
				CLANG_WARN_ENUM_CONVERSION = YES;
				CLANG_WARN_INFINITE_RECURSION = YES;
				CLANG_WARN_INT_CONVERSION = YES;
				CLANG_WARN_NON_LITERAL_NULL_CONVERSION = YES;
				CLANG_WARN_OBJC_IMPLICIT_RETAIN_SELF = YES;
				CLANG_WARN_OBJC_LITERAL_CONVERSION = YES;
				CLANG_WARN_OBJC_ROOT_CLASS = YES_ERROR;
				CLANG_WARN_QUOTED_INCLUDE_IN_FRAMEWORK_HEADER = YES;
				CLANG_WARN_RANGE_LOOP_ANALYSIS = YES;
				CLANG_WARN_STRICT_PROTOTYPES = YES;
				CLANG_WARN_SUSPICIOUS_MOVE = YES;
				CLANG_WARN_UNGUARDED_AVAILABILITY = YES_AGGRESSIVE;
				CLANG_WARN_UNREACHABLE_CODE = YES;
				CLANG_WARN__DUPLICATE_METHOD_MATCH = YES;
				COPY_PHASE_STRIP = NO;
				DEBUG_INFORMATION_FORMAT = "dwarf-with-dsym";
				ENABLE_NS_ASSERTIONS = NO;
				ENABLE_STRICT_OBJC_MSGSEND = YES;
				GCC_C_LANGUAGE_STANDARD = gnu11;
				GCC_NO_COMMON_BLOCKS = YES;
				GCC_WARN_64_TO_32_BIT_CONVERSION = YES;
				GCC_WARN_ABOUT_RETURN_TYPE = YES_ERROR;
				GCC_WARN_UNDECLARED_SELECTOR = YES;
				GCC_WARN_UNINITIALIZED_AUTOS = YES_AGGRESSIVE;
				GCC_WARN_UNUSED_FUNCTION = YES;
				GCC_WARN_UNUSED_VARIABLE = YES;
				IPHONEOS_DEPLOYMENT_TARGET = 14.4;
				MTL_ENABLE_DEBUG_INFO = NO;
				MTL_FAST_MATH = YES;
				SDKROOT = iphoneos;
				SWIFT_COMPILATION_MODE = wholemodule;
				SWIFT_OPTIMIZATION_LEVEL = "-O";
				VALIDATE_PRODUCT = YES;
			};
			name = Release;
		};
		F027011C260E5BC400AB6A68 /* Debug */ = {
			isa = XCBuildConfiguration;
			buildSettings = {
				ASSETCATALOG_COMPILER_APPICON_NAME = AppIcon;
				ASSETCATALOG_COMPILER_GLOBAL_ACCENT_COLOR_NAME = AccentColor;
				CODE_SIGN_STYLE = Automatic;
				INFOPLIST_FILE = MyTestApp/Info.plist;
				LD_RUNPATH_SEARCH_PATHS = (
					"$(inherited)",
					"@executable_path/Frameworks",
				);
				PRODUCT_BUNDLE_IDENTIFIER = example.com.MyTestApp;
				PRODUCT_NAME = "$(TARGET_NAME)";
				SWIFT_VERSION = 5.0;
				TARGETED_DEVICE_FAMILY = "1,2";
			};
			name = Debug;
		};
		F027011D260E5BC400AB6A68 /* Release */ = {
			isa = XCBuildConfiguration;
			buildSettings = {
				ASSETCATALOG_COMPILER_APPICON_NAME = AppIcon;
				ASSETCATALOG_COMPILER_GLOBAL_ACCENT_COLOR_NAME = AccentColor;
				CODE_SIGN_STYLE = Automatic;
				INFOPLIST_FILE = MyTestApp/Info.plist;
				LD_RUNPATH_SEARCH_PATHS = (
					"$(inherited)",
					"@executable_path/Frameworks",
				);
				PRODUCT_BUNDLE_IDENTIFIER = example.com.MyTestApp;
				PRODUCT_NAME = "$(TARGET_NAME)";
				SWIFT_VERSION = 5.0;
				TARGETED_DEVICE_FAMILY = "1,2";
			};
			name = Release;
		};
		F027011F260E5BC400AB6A68 /* Debug */ = {
			isa = XCBuildConfiguration;
			buildSettings = {
				ALWAYS_EMBED_SWIFT_STANDARD_LIBRARIES = YES;
				BUNDLE_LOADER = "$(TEST_HOST)";
				CODE_SIGN_STYLE = Automatic;
				INFOPLIST_FILE = MyTestAppTests/Info.plist;
				IPHONEOS_DEPLOYMENT_TARGET = 14.4;
				LD_RUNPATH_SEARCH_PATHS = (
					"$(inherited)",
					"@executable_path/Frameworks",
					"@loader_path/Frameworks",
				);
				PRODUCT_BUNDLE_IDENTIFIER = example.com.MyTestAppTests;
				PRODUCT_NAME = "$(TARGET_NAME)";
				SWIFT_VERSION = 5.0;
				TARGETED_DEVICE_FAMILY = "1,2";
				TEST_HOST = "$(BUILT_PRODUCTS_DIR)/MyTestApp.app/MyTestApp";
			};
			name = Debug;
		};
		F0270120260E5BC400AB6A68 /* Release */ = {
			isa = XCBuildConfiguration;
			buildSettings = {
				ALWAYS_EMBED_SWIFT_STANDARD_LIBRARIES = YES;
				BUNDLE_LOADER = "$(TEST_HOST)";
				CODE_SIGN_STYLE = Automatic;
				INFOPLIST_FILE = MyTestAppTests/Info.plist;
				IPHONEOS_DEPLOYMENT_TARGET = 14.4;
				LD_RUNPATH_SEARCH_PATHS = (
					"$(inherited)",
					"@executable_path/Frameworks",
					"@loader_path/Frameworks",
				);
				PRODUCT_BUNDLE_IDENTIFIER = example.com.MyTestAppTests;
				PRODUCT_NAME = "$(TARGET_NAME)";
				SWIFT_VERSION = 5.0;
				TARGETED_DEVICE_FAMILY = "1,2";
				TEST_HOST = "$(BUILT_PRODUCTS_DIR)/MyTestApp.app/MyTestApp";
			};
			name = Release;
		};
		F0270122260E5BC400AB6A68 /* Debug */ = {
			isa = XCBuildConfiguration;
			buildSettings = {
				ALWAYS_EMBED_SWIFT_STANDARD_LIBRARIES = YES;
				CODE_SIGN_STYLE = Automatic;
				INFOPLIST_FILE = MyTestAppUITests/Info.plist;
				LD_RUNPATH_SEARCH_PATHS = (
					"$(inherited)",
					"@executable_path/Frameworks",
					"@loader_path/Frameworks",
				);
				PRODUCT_BUNDLE_IDENTIFIER = example.com.MyTestAppUITests;
				PRODUCT_NAME = "$(TARGET_NAME)";
				SWIFT_VERSION = 5.0;
				TARGETED_DEVICE_FAMILY = "1,2";
				TEST_TARGET_NAME = MyTestApp;
			};
			name = Debug;
		};
		F0270123260E5BC400AB6A68 /* Release */ = {
			isa = XCBuildConfiguration;
			buildSettings = {
				ALWAYS_EMBED_SWIFT_STANDARD_LIBRARIES = YES;
				CODE_SIGN_STYLE = Automatic;
				INFOPLIST_FILE = MyTestAppUITests/Info.plist;
				LD_RUNPATH_SEARCH_PATHS = (
					"$(inherited)",
					"@executable_path/Frameworks",
					"@loader_path/Frameworks",
				);
				PRODUCT_BUNDLE_IDENTIFIER = example.com.MyTestAppUITests;
				PRODUCT_NAME = "$(TARGET_NAME)";
				SWIFT_VERSION = 5.0;
				TARGETED_DEVICE_FAMILY = "1,2";
				TEST_TARGET_NAME = MyTestApp;
			};
			name = Release;
		};
/* End XCBuildConfiguration section */

/* Begin XCConfigurationList section */
		F02700EC260E5BC200AB6A68 /* Build configuration list for PBXProject "MyTestApp" */ = {
			isa = XCConfigurationList;
			buildConfigurations = (
				F0270119260E5BC400AB6A68 /* Debug */,
				F027011A260E5BC400AB6A68 /* Release */,
			);
			defaultConfigurationIsVisible = 0;
			defaultConfigurationName = Release;
		};
		F027011B260E5BC400AB6A68 /* Build configuration list for PBXNativeTarget "MyTestApp" */ = {
			isa = XCConfigurationList;
			buildConfigurations = (
				F027011C260E5BC400AB6A68 /* Debug */,
				F027011D260E5BC400AB6A68 /* Release */,
			);
			defaultConfigurationIsVisible = 0;
			defaultConfigurationName = Release;
		};
		F027011E260E5BC400AB6A68 /* Build configuration list for PBXNativeTarget "MyTestAppTests" */ = {
			isa = XCConfigurationList;
			buildConfigurations = (
				F027011F260E5BC400AB6A68 /* Debug */,
				F0270120260E5BC400AB6A68 /* Release */,
			);
			defaultConfigurationIsVisible = 0;
			defaultConfigurationName = Release;
		};
		F0270121260E5BC400AB6A68 /* Build configuration list for PBXNativeTarget "MyTestAppUITests" */ = {
			isa = XCConfigurationList;
			buildConfigurations = (
				F0270122260E5BC400AB6A68 /* Debug */,
				F0270123260E5BC400AB6A68 /* Release */,
			);
			defaultConfigurationIsVisible = 0;
			defaultConfigurationName = Release;
		};
/* End XCConfigurationList section */
	};
	rootObject = F02700E9260E5BC200AB6A68 /* Project object */;
}
